<?xml version="1.0" encoding="utf-8"?>
<Project ToolsVersion="4.0" xmlns="http://schemas.microsoft.com/developer/msbuild/2003">
  <ItemGroup>
    <Filter Include="Source Files">
      <UniqueIdentifier>{4FC737F1-C7A5-4376-A066-2A32D752A2FF}</UniqueIdentifier>
      <Extensions>cpp;c;cc;cxx;def;odl;idl;hpj;bat;asm;asmx</Extensions>
    </Filter>
    <Filter Include="Header Files">
      <UniqueIdentifier>{93995380-89BD-4b04-88EB-625FBE52EBFB}</UniqueIdentifier>
      <Extensions>h;hpp;hxx;hm;inl;inc;xsd</Extensions>
    </Filter>
    <Filter Include="Resource Files">
      <UniqueIdentifier>{67DA6AB6-F800-4c08-8B7A-83BB121AAD01}</UniqueIdentifier>
      <Extensions>rc;ico;cur;bmp;dlg;rc2;rct;bin;rgs;gif;jpg;jpeg;jpe;resx;tiff;tif;png;wav;mfcribbon-ms</Extensions>
    </Filter>
    <Filter Include="Header Files\texturemanager">
      <UniqueIdentifier>{17b3e739-c645-421c-800a-6743e694e434}</UniqueIdentifier>
    </Filter>
    <Filter Include="Source Files\texturemanager">
      <UniqueIdentifier>{a556f2f4-b9e9-4cb0-b060-c51303c66236}</UniqueIdentifier>
    </Filter>
  </ItemGroup>
  <ItemGroup>
    <ClInclude Include="include\texturemanager\loadimagedata.h">
      <Filter>Header Files\texturemanager</Filter>
    </ClInclude>
    <ClInclude Include="include\texturemanager\texture.h">
      <Filter>Header Files\texturemanager</Filter>
    </ClInclude>
    <ClInclude Include="include\texturemanager\texturemanager.h">
      <Filter>Header Files\texturemanager</Filter>
    </ClInclude>
    <ClInclude Include="include\texturemanager\texturequeue.h">
      <Filter>Header Files\texturemanager</Filter>
    </ClInclude>
    <ClInclude Include="include\cmaterial.h">
      <Filter>Header Files</Filter>
    </ClInclude>
    <ClInclude Include="include\cmaterialmanager.h">
      <Filter>Header Files</Filter>
    </ClInclude>
    <ClInclude Include="include\cmatsysdefinitions.h">
      <Filter>Header Files</Filter>
    </ClInclude>
    <ClInclude Include="include\virtualfile.h">
      <Filter>Header Files</Filter>
    </ClInclude>
  </ItemGroup>
  <ItemGroup>
    <ClCompile Include="src\texturemanager\loadimagedata.cpp">
      <Filter>Source Files\texturemanager</Filter>
    </ClCompile>
    <ClCompile Include="src\texturemanager\texture_initialize.cpp">
      <Filter>Source Files\texturemanager</Filter>
    </ClCompile>
    <ClCompile Include="src\texturemanager\texture_load.cpp">
      <Filter>Source Files\texturemanager</Filter>
    </ClCompile>
    <ClCompile Include="src\texturemanager\texture_thread.cpp">
      <Filter>Source Files\texturemanager</Filter>
    </ClCompile>
    <ClCompile Include="src\texturemanager\textureinfo.cpp">
      <Filter>Source Files\texturemanager</Filter>
    </ClCompile>
    <ClCompile Include="src\texturemanager\texturemanager.cpp">
      <Filter>Source Files\texturemanager</Filter>
    </ClCompile>
    <ClCompile Include="src\texturemanager\texturequeue.cpp">
      <Filter>Source Files\texturemanager</Filter>
    </ClCompile>
    <ClCompile Include="src\cmaterial.cpp">
      <Filter>Source Files</Filter>
    </ClCompile>
    <ClCompile Include="src\cmaterialmanager.cpp">
      <Filter>Source Files</Filter>
    </ClCompile>
    <ClCompile Include="src\cmaterialsystem.cpp">
      <Filter>Source Files</Filter>
    </ClCompile>
    <ClCompile Include="src\virtualfile.cpp">
      <Filter>Source Files</Filter>
    </ClCompile>
  </ItemGroup>
</Project>